
Microsoft Visual Studio Solution File, Format Version 12.00
Project("{FAE04EC0-301F-11D3-BF4B-00C04F79EFBC}") = "Siganberg.SerilogElasticSearch.V2", "Siganberg.SerilogElasticSearch.V2\Siganberg.SerilogElasticSearch.V2.csproj", "{C96D337C-1323-481D-A458-B46CBE3D9929}"
EndProject
Project("{FAE04EC0-301F-11D3-BF4B-00C04F79EFBC}") = "Siganberg.SerilogElasticSearch.V2.SampleApp", "Siganberg.SerilogElasticSearch.V2.SampleApp\Siganberg.SerilogElasticSearch.V2.SampleApp.csproj", "{2459CC28-5900-477E-8AE3-6C3ACDBBF687}"
EndProject
Global
	GlobalSection(SolutionConfigurationPlatforms) = preSolution
		Debug|Any CPU = Debug|Any CPU
		Release|Any CPU = Release|Any CPU
	EndGlobalSection
	GlobalSection(ProjectConfigurationPlatforms) = postSolution
		{C96D337C-1323-481D-A458-B46CBE3D9929}.Debug|Any CPU.ActiveCfg = Debug|Any CPU
		{C96D337C-1323-481D-A458-B46CBE3D9929}.Debug|Any CPU.Build.0 = Debug|Any CPU
		{C96D337C-1323-481D-A458-B46CBE3D9929}.Release|Any CPU.ActiveCfg = Release|Any CPU
		{C96D337C-1323-481D-A458-B46CBE3D9929}.Release|Any CPU.Build.0 = Release|Any CPU
		{2459CC28-5900-477E-8AE3-6C3ACDBBF687}.Debug|Any CPU.ActiveCfg = Debug|Any CPU
		{2459CC28-5900-477E-8AE3-6C3ACDBBF687}.Debug|Any CPU.Build.0 = Debug|Any CPU
		{2459CC28-5900-477E-8AE3-6C3ACDBBF687}.Release|Any CPU.ActiveCfg = Release|Any CPU
		{2459CC28-5900-477E-8AE3-6C3ACDBBF687}.Release|Any CPU.Build.0 = Release|Any CPU
	EndGlobalSection
EndGlobal
